{
    "_meta": {
        "hash": {
            "sha256": "4dd0fa19168e739be37862361106d57ab16e9b5bb13db55893a49aae39e88ff4"
        },
        "pipfile-spec": 6,
        "requires": {
            "python_full_version": "3.10.6",
            "python_version": "3.10"
        },
        "sources": [
            {
                "name": "pypi",
                "url": "https://pypi.org/simple",
                "verify_ssl": true
            }
        ]
    },
    "default": {
        "biopython": {
            "hashes": [
                "sha256:010142a8ec2549ff0649edd497658964ef1a18eefdb9fd942ec1e81b292ce2d9",
                "sha256:0b9fbb0d3022dc22716da108b8a81b80d952cd97ac1f106de491dce850f92f62",
                "sha256:0df5cddef2819c975e6508adf5d85aa046e449df5420d02b04871c7836b41273",
                "sha256:194528eda6856a4c68f840ca0bcc9b544a5edee3548b97521084e7ac38c833ca",
                "sha256:195f099c2c0c39518b6df921ab2b3cc43a601896018fc61909ac8385d5878866",
                "sha256:1df0bce7fd5e2414d6e18c9229fa0056914d2b9041531c71cac48f38a622142d",
                "sha256:1ee0a0b6c2376680fea6642d5080baa419fd73df104a62d58a8baf7a8bbe4564",
                "sha256:2bd5a630be2a8e593094f7b1717fc962eda8931b68542b97fbf9bd8e2ac1e08d",
                "sha256:4565c97fab16c5697d067b821b6a1da0ec3ef36a9c96cf103ac7b4a94eb9f9ba",
                "sha256:48d424453a5512a1d1d41a4acabdfe5291da1f491a2d3606f2b0e4fbd63aeda6",
                "sha256:5c0b369f91a76b8e5e36624d075585c3f0f088ea4a6e3d015c48f08e48ce0114",
                "sha256:639461a1ac5765406ec8ab8ed619845351f2ff22fed734d86e09e4a7b7719a08",
                "sha256:6ed345b1ef100d58d8376e31c280b13fc87bb8f73ccc447f8140344991b61459",
                "sha256:75b55000793f6b76334b8e80dc7e6d8cd2b019af917aa431cea6646e8e696c7f",
                "sha256:9b4374a47d924d4d4ffe2fea010ce75427bbfd92e45d50d5b1213a478baf680f",
                "sha256:ada611f12ee3b0bef7308ef41ee7b94898613b369ab44e0268d74bd1d6a06920",
                "sha256:b470c44d7a04e40a0cfc65853b1a5a6bf506a130c334cf4cffa05df07dbda366",
                "sha256:c130c8e64ae2e4c7c73f0c24974ac8a832190cc3cf3c3c7b4aaffc974effc993",
                "sha256:cc3b0b78022d14f11d508038a288a189d03c97c476d6636c7b6f98bd8bc8462b",
                "sha256:cfb93842501ebc0e0ef6520daddcbeeefc9b61736972580917dafd5c8a5a8041",
                "sha256:d15d09bfe0d3a8a416a596a3909d9718c811df852d969592b4fa9e0da9cf7375",
                "sha256:e0af107cc62a905d13d35dd7b38f335a37752ede45e4617139e84409a6a88dc4",
                "sha256:f1076653937947773768455556b1d24acad9575759e9089082f32636b09add54",
                "sha256:f5021a398c898b9cf6815cc5171c146a601b935b55364c53e6516a2545ab740c",
                "sha256:fe2bcf85d0f5f1888ed7d86c139e9d4e7d54e036c8ac54e929663d63548046a1"
            ],
            "index": "pypi",
            "markers": "python_version >= '3.6'",
            "version": "==1.78"
        },
        "click": {
            "hashes": [
                "sha256:d2b5255c7c6349bc1bd1e59e08cd12acbbd63ce649f2588755783aa94dfb6b1a",
                "sha256:dacca89f4bfadd5de3d7489b7c8a566eee0d3676333fbb50030263894c38c0dc"
            ],
            "index": "pypi",
            "markers": "python_version >= '2.7' and python_version not in '3.0, 3.1, 3.2, 3.3, 3.4'",
            "version": "==7.1.2"
        },
        "cloudpickle": {
            "hashes": [
                "sha256:b216fa8ae4019d5482a8ac3c95d8f6346115d8835911fd4aefd1a445e4242c64",
                "sha256:c8c5a44295039331ee9dad40ba100a9c7297b6f988e50e87ccdf3765a668350e"
            ],
            "markers": "python_version >= '3.8'",
            "version": "==3.1.1"
        },
        "dask": {
            "extras": [
                "array"
            ],
            "hashes": [
                "sha256:33e752c1960d4987cd5aaa03c15d82df7725815771b8e21f4f6b5d4e4ec69e0e",
                "sha256:5f6ea065215a40ff76ac89be129cbce4dc637c01863676b33177c91910dea00b"
            ],
            "markers": "python_version >= '3.8'",
            "version": "==2023.4.0"
        },
        "fsspec": {
            "hashes": [
                "sha256:2daf8dc3d1dfa65b6aa37748d112773a7a08416f6c70d96b264c96476ecaf711",
                "sha256:e52c77ef398680bbd6a98c0e628fbc469491282981209907bbc8aea76a04fdc6"
            ],
            "markers": "python_version >= '3.9'",
            "version": "==2025.3.2"
        },
        "importlib-metadata": {
            "hashes": [
                "sha256:d13b81ad223b890aa16c5471f2ac3056cf76c5f10f82d6f9292f0b415f389000",
                "sha256:e5dd1551894c77868a30651cef00984d50e1002d06942a7101d34870c5f02afd"
            ],
            "markers": "python_version >= '3.9'",
            "version": "==8.7.0"
        },
        "liftover": {
            "hashes": [
                "sha256:03f02b8b665769d5da8c2b61c6cd2f95e89ae9cd4f50cf69b27398cf5084b516",
                "sha256:056db61d497be06095ca86675544c41aea994b1c4f6036a3b2061f8b63494c55",
                "sha256:0dbae39c4d9b563e21b25c19b1c0d1a85b53479aec21b24369ef865b718c4270",
                "sha256:15f504c20a9ebf380ec13a0a95a6db97a807d0a5a747bd190dd5e08d6afbe9fa",
                "sha256:25691981063d1af43d9c1e3936c6bbcdc3cd2e79a3d9a42a9eab9e5639e0e75d",
                "sha256:28319bfaed357203c72f5ab4e3c9dce383cc54162c82625abdbb07a063f6dc2e",
                "sha256:2907a981fda5e039d3e6dd9fff581cd9f05bb7e1a75d64bf1502d60ded60ed33",
                "sha256:30580704e7549ae3cf5f3062212c6e06258063925990b1a3bf8bcfc0df010392",
                "sha256:43173ba201f2ad2ffd84c699b228d3f21da58e4d087d15d8bdcf600697ade10c",
                "sha256:4dc32c268fc7ed5ca88c3de0dff5573f13c60947c16a62ab81e9a9c29da60f6a",
                "sha256:51ee1cb3ff47b4b05c4afce354f112c1369b4eff69368a039ce09d24e8833420",
                "sha256:550815c47d1bb4e0175566c3d76597a550843e2a2b247974fcfa739e596526b6",
                "sha256:6449f40734f84c5263acef6e151a201106d176faccbe861f055cc5e6d4c2d4a1",
                "sha256:651f9d04681090637c56e60db7a42440e6dc65356bc1ad9211fae6f5c881e012",
                "sha256:686f09533fe700983d61825b2145adff6deab87100f2d9c320af14daaf68592f",
                "sha256:6b7c1b3b8696c4f6e1a2454dc39e004706fb541c0216ffac788025478138cfca",
                "sha256:72ed7d33d55bff4d0ac297dfa7b15724eac984c00566800e906f5a81d4062a96",
                "sha256:7328f8b52a14f90b5aa9c4f037164a54c1bd1de9196861f6e8568c103b02ed8d",
                "sha256:740bc84ebbfd60519c7319a83ae36c38edfe76ff7f3d4c93dd6cd2116310d8ff",
                "sha256:74d4c233e45bce7b4c26746d7ebeccd542c265fe7947bff7ac28f6137dbd0757",
                "sha256:9366a5736f1af2e0e0292f95074a99c19d012a914e40e9657762efd1c595a8ef",
                "sha256:9dcbbf49513ecb38dcd5adda1d57c0c00cdc88175a605caac862d69443a28524",
                "sha256:a87903b6634cfc9c0e5b792a68421419253f566b9e6c1c8e23791af5daf4a1f9",
                "sha256:a95e57a1413d57f2bcd4c2e77583341eafa1bb40f7c19c486852b7fba9a70f82",
                "sha256:aa68a4a870cc91c18bc8df14c47b948e04cb0384d399d6b7e94a317ac13c95f7",
                "sha256:b1cbda50e8db6929e07540c2c159d3b0d440e2f34af4279addc195c795af5c44",
                "sha256:b49a38c4a2537e3675c442444691d8340fc6907ad5496c9a18278d757fe422a7",
                "sha256:b8f03dc32042e8bee5a9a2ccae96bf3210d310956636d8059f90f2ad9e234045",
                "sha256:bc280837da8d72dc599704d1c400a5fab85e2b6c4ba55e75393e56178892dc86",
                "sha256:c0bdcab8cbd2ee92199ca75ad49559a68997f84579c183a5542f49321c779d14",
                "sha256:c1adb73febcb982a502172b5c6a126400e4abbf0056d712dec9b673b2b0136a9",
                "sha256:d2055b24ba8052fed0dd524964e7128dac7d4c714a9de2c4278f38c1707ef5c4",
                "sha256:d9f7254b79a4624b87e68fa053a3fd4c6dd17edfcd61b03cc3aaddebb6cc67da",
                "sha256:dbb5098d286355b0abf62182ee8d4bdf7f36e3a66341099516b99a7f2186f139",
                "sha256:ed93f25c6c904e6381dc7fa866ceedd509c1093f0601026243edb364624da011",
                "sha256:fe5d9906b30c5ff52dedc2a05a6d8039b7362f62985ed3636ac744d14f903908"
            ],
            "index": "pypi",
            "version": "==1.3.1"
        },
        "locket": {
            "hashes": [
                "sha256:5c0d4c052a8bbbf750e056a8e65ccd309086f4f0f18a2eac306a8dfa4112a632",
                "sha256:b6c819a722f7b6bd955b80781788e4a66a55628b858d347536b7e81325a3a5e3"
            ],
            "markers": "python_version >= '2.7' and python_version not in '3.0, 3.1, 3.2, 3.3'",
            "version": "==1.0.0"
        },
        "numpy": {
            "hashes": [
                "sha256:0791fbd1e43bf74b3502133207e378901272f3c156c4df4954cad833b1380207",
                "sha256:1ce7ab2053e36c0a71e7a13a7475bd3b1f54750b4b433adc96313e127b870887",
                "sha256:2d487e06ecbf1dc2f18e7efce82ded4f705f4bd0cd02677ffccfb39e5c284c7e",
                "sha256:37431a77ceb9307c28382c9773da9f306435135fae6b80b62a11c53cfedd8802",
                "sha256:3e1ffa4748168e1cc8d3cde93f006fe92b5421396221a02f2274aab6ac83b077",
                "sha256:425b390e4619f58d8526b3dcf656dde069133ae5c240229821f01b5f44ea07af",
                "sha256:43a8ca7391b626b4c4fe20aefe79fec683279e31e7c79716863b4b25021e0e74",
                "sha256:4c6036521f11a731ce0648f10c18ae66d7143865f19f7299943c985cdc95afb5",
                "sha256:59d55e634968b8f77d3fd674a3cf0b96e85147cd6556ec64ade018f27e9479e1",
                "sha256:64f56fc53a2d18b1924abd15745e30d82a5782b2cab3429aceecc6875bd5add0",
                "sha256:7228ad13744f63575b3a972d7ee4fd61815b2879998e70930d4ccf9ec721dce0",
                "sha256:9ce7df0abeabe7fbd8ccbf343dc0db72f68549856b863ae3dd580255d009648e",
                "sha256:a911e317e8c826ea632205e63ed8507e0dc877dcdc49744584dfc363df9ca08c",
                "sha256:b89bf9b94b3d624e7bb480344e91f68c1c6c75f026ed6755955117de00917a7c",
                "sha256:ba9ead61dfb5d971d77b6c131a9dbee62294a932bf6a356e48c75ae684e635b3",
                "sha256:c1d937820db6e43bec43e8d016b9b3165dcb42892ea9f106c70fb13d430ffe72",
                "sha256:cc7f00008eb7d3f2489fca6f334ec19ca63e31371be28fd5dad955b16ec285bd",
                "sha256:d4c5d5eb2ec8da0b4f50c9a843393971f31f1d60be87e0fb0917a49133d257d6",
                "sha256:e96d7f3096a36c8754207ab89d4b3282ba7b49ea140e4973591852c77d09eb76",
                "sha256:f0725df166cf4785c0bc4cbfb320203182b1ecd30fee6e541c8752a92df6aa32",
                "sha256:f3eb268dbd5cfaffd9448113539e44e2dd1c5ca9ce25576f7c04a5453edc26fa",
                "sha256:fb7a980c81dd932381f8228a426df8aeb70d59bbcda2af075b627bbc50207cba"
            ],
            "index": "pypi",
            "markers": "python_version >= '3.8'",
            "version": "==1.22.4"
        },
        "packaging": {
            "hashes": [
                "sha256:29572ef2b1f17581046b3a2227d5c611fb25ec70ca1ba8554b24b0e69331a484",
                "sha256:d443872c98d677bf60f6a1f2f8c1cb748e8fe762d2bf9d3148b5599295b0fc4f"
            ],
            "markers": "python_version >= '3.8'",
            "version": "==25.0"
        },
        "pandas": {
            "hashes": [
                "sha256:1e4285f5de1012de20ca46b188ccf33521bff61ba5c5ebd78b4fb28e5416a9f1",
                "sha256:2651d75b9a167cc8cc572cf787ab512d16e316ae00ba81874b560586fa1325e0",
                "sha256:2c21778a688d3712d35710501f8001cdbf96eb70a7c587a3d5613573299fdca6",
                "sha256:32e1a26d5ade11b547721a72f9bfc4bd113396947606e00d5b4a5b79b3dcb006",
                "sha256:3345343206546545bc26a05b4602b6a24385b5ec7c75cb6059599e3d56831da2",
                "sha256:344295811e67f8200de2390093aeb3c8309f5648951b684d8db7eee7d1c81fb7",
                "sha256:37f06b59e5bc05711a518aa10beaec10942188dccb48918bb5ae602ccbc9f1a0",
                "sha256:552020bf83b7f9033b57cbae65589c01e7ef1544416122da0c79140c93288f56",
                "sha256:5cce0c6bbeb266b0e39e35176ee615ce3585233092f685b6a82362523e59e5b4",
                "sha256:5f261553a1e9c65b7a310302b9dbac31cf0049a51695c14ebe04e4bfd4a96f02",
                "sha256:60a8c055d58873ad81cae290d974d13dd479b82cbb975c3e1fa2cf1920715296",
                "sha256:62d5b5ce965bae78f12c1c0df0d387899dd4211ec0bdc52822373f13a3a022b9",
                "sha256:7d28a3c65463fd0d0ba8bbb7696b23073efee0510783340a44b08f5e96ffce0c",
                "sha256:8025750767e138320b15ca16d70d5cdc1886e8f9cc56652d89735c016cd8aea6",
                "sha256:8b6dbec5f3e6d5dc80dcfee250e0a2a652b3f28663492f7dab9a24416a48ac39",
                "sha256:a395692046fd8ce1edb4c6295c35184ae0c2bbe787ecbe384251da609e27edcb",
                "sha256:a62949c626dd0ef7de11de34b44c6475db76995c2064e2d99c6498c3dba7fe58",
                "sha256:aaf183a615ad790801fa3cf2fa450e5b6d23a54684fe386f7e3208f8b9bfbef6",
                "sha256:adfeb11be2d54f275142c8ba9bf67acee771b7186a5745249c7d5a06c670136b",
                "sha256:b6b87b2fb39e6383ca28e2829cddef1d9fc9e27e55ad91ca9c435572cdba51bf",
                "sha256:bd971a3f08b745a75a86c00b97f3007c2ea175951286cdda6abe543e687e5f2f",
                "sha256:c69406a2808ba6cf580c2255bcf260b3f214d2664a3a4197d0e640f573b46fd3",
                "sha256:d3bc49af96cd6285030a64779de5b3688633a07eb75c124b0747134a63f4c05f",
                "sha256:fd541ab09e1f80a2a1760032d665f6e032d8e44055d602d65eeea6e6e85498cb",
                "sha256:fe95bae4e2d579812865db2212bb733144e34d0c6785c0685329e5b60fcb85dd"
            ],
            "index": "pypi",
            "markers": "python_full_version >= '3.7.1'",
            "version": "==1.3.5"
        },
        "partd": {
            "hashes": [
                "sha256:978e4ac767ec4ba5b86c6eaa52e5a2a3bc748a2ca839e8cc798f1cc6ce6efb0f",
                "sha256:d022c33afbdc8405c226621b015e8067888173d85f7f5ecebb3cafed9a20f02c"
            ],
            "markers": "python_version >= '3.9'",
            "version": "==1.4.2"
        },
        "pyfaidx": {
            "hashes": [
                "sha256:3b7693c052c82691000fe4a92475db82ffc3b5a721a12b10dfbc87119c4b4d30",
                "sha256:4e689bc09f3c5de1d2a1099d059b3b9914629c1c5c3ad08b49ff05af33392e0e"
            ],
            "index": "pypi",
            "markers": "python_version >= '3.7'",
            "version": "==0.7.2.2"
        },
        "python-dateutil": {
            "hashes": [
                "sha256:37dd54208da7e1cd875388217d5e00ebd4179249f90fb72437e91a35459a0ad3",
                "sha256:a8b2bc7bffae282281c8140a97d3aa9c14da0b136dfe83f850eea9a5f7470427"
            ],
            "markers": "python_version >= '2.7' and python_version not in '3.0, 3.1, 3.2'",
            "version": "==2.9.0.post0"
        },
        "pytz": {
            "hashes": [
                "sha256:360b9e3dbb49a209c21ad61809c7fb453643e048b38924c765813546746e81c3",
                "sha256:5ddf76296dd8c44c26eb8f4b6f35488f3ccbf6fbbd7adee0b7262d43f0ec2f00"
            ],
            "version": "==2025.2"
        },
        "pyyaml": {
            "hashes": [
                "sha256:01179a4a8559ab5de078078f37e5c1a30d76bb88519906844fd7bdea1b7729ff",
                "sha256:0833f8694549e586547b576dcfaba4a6b55b9e96098b36cdc7ebefe667dfed48",
                "sha256:0a9a2848a5b7feac301353437eb7d5957887edbf81d56e903999a75a3d743086",
                "sha256:0b69e4ce7a131fe56b7e4d770c67429700908fc0752af059838b1cfb41960e4e",
                "sha256:0ffe8360bab4910ef1b9e87fb812d8bc0a308b0d0eef8c8f44e0254ab3b07133",
                "sha256:11d8f3dd2b9c1207dcaf2ee0bbbfd5991f571186ec9cc78427ba5bd32afae4b5",
                "sha256:17e311b6c678207928d649faa7cb0d7b4c26a0ba73d41e99c4fff6b6c3276484",
                "sha256:1e2120ef853f59c7419231f3bf4e7021f1b936f6ebd222406c3b60212205d2ee",
                "sha256:1f71ea527786de97d1a0cc0eacd1defc0985dcf6b3f17bb77dcfc8c34bec4dc5",
                "sha256:23502f431948090f597378482b4812b0caae32c22213aecf3b55325e049a6c68",
                "sha256:24471b829b3bf607e04e88d79542a9d48bb037c2267d7927a874e6c205ca7e9a",
                "sha256:29717114e51c84ddfba879543fb232a6ed60086602313ca38cce623c1d62cfbf",
                "sha256:2e99c6826ffa974fe6e27cdb5ed0021786b03fc98e5ee3c5bfe1fd5015f42b99",
                "sha256:39693e1f8320ae4f43943590b49779ffb98acb81f788220ea932a6b6c51004d8",
                "sha256:3ad2a3decf9aaba3d29c8f537ac4b243e36bef957511b4766cb0057d32b0be85",
                "sha256:3b1fdb9dc17f5a7677423d508ab4f243a726dea51fa5e70992e59a7411c89d19",
                "sha256:41e4e3953a79407c794916fa277a82531dd93aad34e29c2a514c2c0c5fe971cc",
                "sha256:43fa96a3ca0d6b1812e01ced1044a003533c47f6ee8aca31724f78e93ccc089a",
                "sha256:50187695423ffe49e2deacb8cd10510bc361faac997de9efef88badc3bb9e2d1",
                "sha256:5ac9328ec4831237bec75defaf839f7d4564be1e6b25ac710bd1a96321cc8317",
                "sha256:5d225db5a45f21e78dd9358e58a98702a0302f2659a3c6cd320564b75b86f47c",
                "sha256:6395c297d42274772abc367baaa79683958044e5d3835486c16da75d2a694631",
                "sha256:688ba32a1cffef67fd2e9398a2efebaea461578b0923624778664cc1c914db5d",
                "sha256:68ccc6023a3400877818152ad9a1033e3db8625d899c72eacb5a668902e4d652",
                "sha256:70b189594dbe54f75ab3a1acec5f1e3faa7e8cf2f1e08d9b561cb41b845f69d5",
                "sha256:797b4f722ffa07cc8d62053e4cff1486fa6dc094105d13fea7b1de7d8bf71c9e",
                "sha256:7c36280e6fb8385e520936c3cb3b8042851904eba0e58d277dca80a5cfed590b",
                "sha256:7e7401d0de89a9a855c839bc697c079a4af81cf878373abd7dc625847d25cbd8",
                "sha256:80bab7bfc629882493af4aa31a4cfa43a4c57c83813253626916b8c7ada83476",
                "sha256:82d09873e40955485746739bcb8b4586983670466c23382c19cffecbf1fd8706",
                "sha256:8388ee1976c416731879ac16da0aff3f63b286ffdd57cdeb95f3f2e085687563",
                "sha256:8824b5a04a04a047e72eea5cec3bc266db09e35de6bdfe34c9436ac5ee27d237",
                "sha256:8b9c7197f7cb2738065c481a0461e50ad02f18c78cd75775628afb4d7137fb3b",
                "sha256:9056c1ecd25795207ad294bcf39f2db3d845767be0ea6e6a34d856f006006083",
                "sha256:936d68689298c36b53b29f23c6dbb74de12b4ac12ca6cfe0e047bedceea56180",
                "sha256:9b22676e8097e9e22e36d6b7bda33190d0d400f345f23d4065d48f4ca7ae0425",
                "sha256:a4d3091415f010369ae4ed1fc6b79def9416358877534caf6a0fdd2146c87a3e",
                "sha256:a8786accb172bd8afb8be14490a16625cbc387036876ab6ba70912730faf8e1f",
                "sha256:a9f8c2e67970f13b16084e04f134610fd1d374bf477b17ec1599185cf611d725",
                "sha256:bc2fa7c6b47d6bc618dd7fb02ef6fdedb1090ec036abab80d4681424b84c1183",
                "sha256:c70c95198c015b85feafc136515252a261a84561b7b1d51e3384e0655ddf25ab",
                "sha256:cc1c1159b3d456576af7a3e4d1ba7e6924cb39de8f67111c735f6fc832082774",
                "sha256:ce826d6ef20b1bc864f0a68340c8b3287705cae2f8b4b1d932177dcc76721725",
                "sha256:d584d9ec91ad65861cc08d42e834324ef890a082e591037abe114850ff7bbc3e",
                "sha256:d7fded462629cfa4b685c5416b949ebad6cec74af5e2d42905d41e257e0869f5",
                "sha256:d84a1718ee396f54f3a086ea0a66d8e552b2ab2017ef8b420e92edbc841c352d",
                "sha256:d8e03406cac8513435335dbab54c0d385e4a49e4945d2909a581c83647ca0290",
                "sha256:e10ce637b18caea04431ce14fabcf5c64a1c61ec9c56b071a4b7ca131ca52d44",
                "sha256:ec031d5d2feb36d1d1a24380e4db6d43695f3748343d99434e6f5f9156aaa2ed",
                "sha256:ef6107725bd54b262d6dedcc2af448a266975032bc85ef0172c5f059da6325b4",
                "sha256:efdca5630322a10774e8e98e1af481aad470dd62c3170801852d752aa7a783ba",
                "sha256:f753120cb8181e736c57ef7636e83f31b9c0d1722c516f7e86cf15b7aa57ff12",
                "sha256:ff3824dc5261f50c9b0dfb3be22b4567a6f938ccce4587b38952d85fd9e9afe4"
            ],
            "markers": "python_version >= '3.8'",
            "version": "==6.0.2"
        },
        "scikit-allel": {
            "hashes": [
                "sha256:0d8d02628a422aa4fa8c724af68cd2068dba83d869a0cb008295a11ffd5c8216",
                "sha256:3889fdbba19352fd32a807d8a4d82080dfc04b6182ada330341ef95a0361da4e",
                "sha256:3f1f7328804d0f3a1c5e874c6463a825b42ed1eda966c2571af8910a5c00943c",
                "sha256:517d43683400918a274375f743855884e0cb5906ec3ffa29308e354d21f45e4d",
                "sha256:5276c45fae28c2d2108962a80bb27109adfc7cc349382b5c9156ab14731fcdad",
                "sha256:5f70128ab38eb815b239c1381fa9b5be12e37ac22fa0eee04074dc506ffe9146",
                "sha256:621c8117b204847077b8bea59042a001a576e5a3d6ebe1bffa49501ee28e545e",
                "sha256:90da7e2a335f7b66184204ae55c42d78ea44e2188267a728716370e88735adb9",
                "sha256:9739443c47cf52cedaacb694f5325c922aad095af4906af61b0cfb6e1f54a1a6",
                "sha256:9bd1bf4db229e3d0b17be6c9ab9bc1e199139ab5f6a695d718175d9533e960ed",
                "sha256:b41e6cc8afa97d4aa9e4d4671bdef7bcd00d15f0af00374d678bb5e512bdd453",
                "sha256:bd35e811ff0b9a9cb8dd55c1bfa9034a4646fc1d73f2c2d6d4034aaf19dc54c2",
                "sha256:c2fffdc9e8057c470e9e6bcf3f6d9ea923a5f7a45feda71dbf060b9b577580c6",
                "sha256:cca7e799c3c4eb7f5fda8c9cebc783f27f595f0f80e7fed3c65a0a94d4c5f82c",
                "sha256:d1e02527da69abe413f0da78f9aef5c50fdf88be3a4a5b7f13f2530ae4b2c861",
                "sha256:d8536a51b2a27eeac595a6850c0d29fd1ef15a6bf361849b65e4c569c686f211",
                "sha256:da1dd0f427935414e0b73e4bd4d3580bf1866f49cd7fc564e5a405b372e6906b"
            ],
            "index": "pypi",
            "version": "==1.3.6"
        },
        "setuptools": {
            "hashes": [
                "sha256:5a78f61820bc088c8e4add52932ae6b8cf423da2aff268c23f813cfbb13b4006",
                "sha256:6cdc8cb9a7d590b237dbe4493614a9b75d0559b888047c1f67d49ba50fc3edb2"
            ],
            "markers": "python_version >= '3.9'",
            "version": "==80.4.0"
        },
        "six": {
            "hashes": [
                "sha256:4721f391ed90541fddacab5acf947aa0d3dc7d27b2e1e8eda2be8970586c3274",
                "sha256:ff70335d468e7eb6ec65b95b99d3a2836546063f63acc5171de367e834932a81"
            ],
            "markers": "python_version >= '2.7' and python_version not in '3.0, 3.1, 3.2'",
            "version": "==1.17.0"
        },
        "toolz": {
            "hashes": [
                "sha256:292c8f1c4e7516bf9086f8850935c799a874039c8bcf959d47b600e4c44a6236",
                "sha256:2c86e3d9a04798ac556793bced838816296a2f085017664e4995cb40a1047a02"
            ],
            "markers": "python_version >= '3.8'",
            "version": "==1.0.0"
        },
        "torch": {
            "hashes": [
                "sha256:03e31c37711db2cd201e02de5826de875529e45a55631d317aadce2f1ed45aa8",
                "sha256:0b44601ec56f7dd44ad8afc00846051162ef9c26a8579dda0a02194327f2d55e",
                "sha256:42e115dab26f60c29e298559dbec88444175528b729ae994ec4c65d56fe267dd",
                "sha256:42f639501928caabb9d1d55ddd17f07cd694de146686c24489ab8c615c2871f2",
                "sha256:4e1b9c14cf13fd2ab8d769529050629a0e68a6fc5cb8e84b4a3cc1dd8c4fe541",
                "sha256:68104e4715a55c4bb29a85c6a8d57d820e0757da363be1ba680fa8cc5be17b52",
                "sha256:69fe2cae7c39ccadd65a123793d30e0db881f1c1927945519c5c17323131437e",
                "sha256:6cf6f54b43c0c30335428195589bd00e764a6d27f3b9ba637aaa8c11aaf93073",
                "sha256:743784ccea0dc8f2a3fe6a536bec8c4763bd82c1352f314937cb4008d4805de1",
                "sha256:8a34a2fbbaa07c921e1b203f59d3d6e00ed379f2b384445773bd14e328a5b6c8",
                "sha256:976c3f997cea38ee91a0dd3c3a42322785414748d1761ef926b789dfa97c6134",
                "sha256:9b356aea223772cd754edb4d9ecf2a025909b8615a7668ac7d5130f86e7ec421",
                "sha256:9c038662db894a23e49e385df13d47b2a777ffd56d9bcd5b832593fab0a7e286",
                "sha256:a8320ba9ad87e80ca5a6a016e46ada4d1ba0c54626e135d99b2129a4541c509d",
                "sha256:b5dbcca369800ce99ba7ae6dee3466607a66958afca3b740690d88168752abcf",
                "sha256:bfec2843daa654f04fda23ba823af03e7b6f7650a873cdb726752d0e3718dada",
                "sha256:cd26d8c5640c3a28c526d41ccdca14cf1cbca0d0f2e14e8263a7ac17194ab1d2",
                "sha256:e9c8f4a311ac29fc7e8e955cfb7733deb5dbe1bdaabf5d4af2765695824b7e0d",
                "sha256:f00c721f489089dc6364a01fd84906348fe02243d0af737f944fddb36003400d",
                "sha256:f3b52a634e62821e747e872084ab32fbcb01b7fa7dbb7471b6218279f02a178a"
            ],
            "index": "pypi",
            "markers": "python_full_version >= '3.7.0'",
            "version": "==1.12.1"
        },
        "tqdm": {
            "hashes": [
                "sha256:90279a3770753eafc9194a0364852159802111925aa30eb3f9d85b0e805ac7cd",
                "sha256:e1020aef2e5096702d8a025ac7d16b1577279c9d63f8375b63083e9a5f0fcbad"
            ],
            "index": "pypi",
            "markers": "python_version >= '3.7'",
            "version": "==4.66.5"
        },
        "typing-extensions": {
            "hashes": [
                "sha256:a439e7c04b49fec3e5d3e2beaa21755cadbbdc391694e28ccdd36ca4a1408f8c",
                "sha256:e6c81219bd689f51865d9e372991c540bda33a0379d5573cddb9a3a23f7caaef"
            ],
            "markers": "python_version >= '3.8'",
            "version": "==4.13.2"
        },
        "urllib3": {
            "hashes": [
                "sha256:414bc6535b787febd7567804cc015fee39daab8ad86268f1310a9250697de466",
                "sha256:4e16665048960a0900c702d4a66415956a584919c03361cac9f1df5c5dd7e813"
            ],
            "markers": "python_version >= '3.9'",
            "version": "==2.4.0"
        },
        "zipp": {
            "hashes": [
                "sha256:2c9958f6430a2040341a52eb608ed6dd93ef4392e02ffe219417c1b28b5dd1f4",
                "sha256:ac1bbe05fd2991f160ebce24ffbac5f6d11d83dc90891255885223d42b3cd931"
            ],
            "markers": "python_version >= '3.9'",
            "version": "==3.21.0"
        }
    },
    "develop": {}
}
